
Microsoft Visual Studio Solution File, Format Version 12.00
# Visual Studio 15
VisualStudioVersion = 15.0.27428.2015
MinimumVisualStudioVersion = 10.0.40219.1
Project("{FAE04EC0-301F-11D3-BF4B-00C04F79EFBC}") = "RuneAPI", "RuneAPI\RuneAPI.csproj", "{C44AAC02-45C6-41F0-AC03-7F26FB885EB8}"
EndProject
Project("{FAE04EC0-301F-11D3-BF4B-00C04F79EFBC}") = "ExampleRuneAPI", "ExampleRuneAPI\ExampleRuneAPI.csproj", "{246F06B7-67D9-4019-BD19-377AFBE190C8}"
EndProject
Global
	GlobalSection(SolutionConfigurationPlatforms) = preSolution
		Debug|Any CPU = Debug|Any CPU
		Release|Any CPU = Release|Any CPU
	EndGlobalSection
	GlobalSection(ProjectConfigurationPlatforms) = postSolution
		{C44AAC02-45C6-41F0-AC03-7F26FB885EB8}.Debug|Any CPU.ActiveCfg = Debug|Any CPU
		{C44AAC02-45C6-41F0-AC03-7F26FB885EB8}.Debug|Any CPU.Build.0 = Debug|Any CPU
		{C44AAC02-45C6-41F0-AC03-7F26FB885EB8}.Release|Any CPU.ActiveCfg = Release|Any CPU
		{C44AAC02-45C6-41F0-AC03-7F26FB885EB8}.Release|Any CPU.Build.0 = Release|Any CPU
		{246F06B7-67D9-4019-BD19-377AFBE190C8}.Debug|Any CPU.ActiveCfg = Debug|Any CPU
		{246F06B7-67D9-4019-BD19-377AFBE190C8}.Debug|Any CPU.Build.0 = Debug|Any CPU
		{246F06B7-67D9-4019-BD19-377AFBE190C8}.Release|Any CPU.ActiveCfg = Release|Any CPU
		{246F06B7-67D9-4019-BD19-377AFBE190C8}.Release|Any CPU.Build.0 = Release|Any CPU
	EndGlobalSection
	GlobalSection(SolutionProperties) = preSolution
		HideSolutionNode = FALSE
	EndGlobalSection
	GlobalSection(ExtensibilityGlobals) = postSolution
		SolutionGuid = {F40B1D16-DD32-487F-90F5-CFB550775B15}
	EndGlobalSection
EndGlobal
